version = 1
revision = 3
requires-python = ">=3.11"

[[package]]
name = "click"
version = "8.5.0"
source = { registry = "https://microsoft.pkgs.visualstudio.com/STaR/_packaging/SafetyPlatform/pypi/simple/" }
sdist = { url = "https://microsoft.pkgs.visualstudio.com/226504c9-a4b1-44b3-8368-0c37e79fbd55/_packaging/150af4eb-c0b1-4c83-b8a6-ce9190b94c58/pypi/download/click/8.5/click-8.5.0.tar.gz", hash = "sha256:ba0d2089de75ea0310e2dde03160e6ca10009947fb95a182f9b54021bb272e34" }
wheels = [
    { url = "https://microsoft.pkgs.visualstudio.com/226504c9-a4b1-44b3-8368-0c37e79fbd55/_packaging/150af4eb-c0b1-4c83-b8a6-ce9190b94c58/pypi/download/click/8.5/click-8.5.0-py3-none-any.whl", hash = "sha256:255bc9599cf7748b4b1a446ccc735421bd08a2ae529a8b88597d3de5664ee360" },
]

[[package]]
name = "markdown-it-py"
version = "4.2.0"
source = { registry = "https://microsoft.pkgs.visualstudio.com/STaR/_packaging/SafetyPlatform/pypi/simple/" }
dependencies = [
    { name = "mdurl" },
]
sdist = { url = "https://microsoft.pkgs.visualstudio.com/226504c9-a4b1-44b3-8368-0c37e79fbd55/_packaging/150af4eb-c0b1-4c83-b8a6-ce9190b94c58/pypi/download/markdown-it-py/4.2/markdown_it_py-4.2.0.tar.gz", hash = "sha256:04a21681d6fbb623de53f6f364d352309d4094dd4194040a10fd51833e418d49" }
wheels = [
    { url = "https://microsoft.pkgs.visualstudio.com/226504c9-a4b1-44b3-8368-0c37e79fbd55/_packaging/150af4eb-c0b1-4c83-b8a6-ce9190b94c58/pypi/download/markdown-it-py/4.2/markdown_it_py-4.2.0-py3-none-any.whl", hash = "sha256:9f7ebbcd14fe59494226453aed97c1070d83f8d24b6fc3a3bcf9a38092641c4a" },
]

[[package]]
name = "mdurl"
version = "0.1.2"
source = { registry = "https://microsoft.pkgs.visualstudio.com/STaR/_packaging/SafetyPlatform/pypi/simple/" }
sdist = { url = "https://microsoft.pkgs.visualstudio.com/226504c9-a4b1-44b3-8368-0c37e79fbd55/_packaging/150af4eb-c0b1-4c83-b8a6-ce9190b94c58/pypi/download/mdurl/0.1.2/mdurl-0.1.2.tar.gz", hash = "sha256:bb413d29f5eea38f31dd4754dd7377d4465116fb207585f97bf925588687c1ba" }
wheels = [
    { url = "https://microsoft.pkgs.visualstudio.com/226504c9-a4b1-44b3-8368-0c37e79fbd55/_packaging/150af4eb-c0b1-4c83-b8a6-ce9190b94c58/pypi/download/mdurl/0.1.2/mdurl-0.1.2-py3-none-any.whl", hash = "sha256:84008a41e51615a49fc9966191ff91509e3c40b939176e643fd50a5c2196b8f8" },
]

[[package]]
name = "prune"
version = "0.1.0"
source = { editable = "." }
dependencies = [
    { name = "click" },
    { name = "rich" },
]

[package.metadata]
requires-dist = [
    { name = "click", specifier = ">=8.0" },
    { name = "rich", specifier = ">=13.0" },
]

[[package]]
name = "pygments"
version = "2.21.0"
source = { registry = "https://microsoft.pkgs.visualstudio.com/STaR/_packaging/SafetyPlatform/pypi/simple/" }
sdist = { url = "https://microsoft.pkgs.visualstudio.com/226504c9-a4b1-44b3-8368-0c37e79fbd55/_packaging/150af4eb-c0b1-4c83-b8a6-ce9190b94c58/pypi/download/pygments/2.21/pygments-2.21.0.tar.gz", hash = "sha256:610ca751c9bc2492b38eb9a38a7fbc93edbbb2d7182edaf34e66ae493dee5c8c" }
wheels = [
    { url = "https://microsoft.pkgs.visualstudio.com/226504c9-a4b1-44b3-8368-0c37e79fbd55/_packaging/150af4eb-c0b1-4c83-b8a6-ce9190b94c58/pypi/download/pygments/2.21/pygments-2.21.0-py3-none-any.whl", hash = "sha256:2363c69b61c4a97c838da3b130dcd6468f4848992b21a82f2a63ec34377137d9" },
]

[[package]]
name = "rich"
version = "15.0.0"
source = { registry = "https://microsoft.pkgs.visualstudio.com/STaR/_packaging/SafetyPlatform/pypi/simple/" }
dependencies = [
    { name = "markdown-it-py" },
    { name = "pygments" },
]
sdist = { url = "https://microsoft.pkgs.visualstudio.com/226504c9-a4b1-44b3-8368-0c37e79fbd55/_packaging/150af4eb-c0b1-4c83-b8a6-ce9190b94c58/pypi/download/rich/15/rich-15.0.0.tar.gz", hash = "sha256:edd07a4824c6b40189fb7ac9bc4c52536e9780fbbfbddf6f1e2502c31b068c36" }
wheels = [
    { url = "https://microsoft.pkgs.visualstudio.com/226504c9-a4b1-44b3-8368-0c37e79fbd55/_packaging/150af4eb-c0b1-4c83-b8a6-ce9190b94c58/pypi/download/rich/15/rich-15.0.0-py3-none-any.whl", hash = "sha256:33bd4ef74232fb73fe9279a257718407f169c09b78a87ad3d296f548e27de0bb" },
]
